
Microsoft Visual Studio Solution File, Format Version 12.00
# Visual Studio 15
VisualStudioVersion = 15.0.28307.136
MinimumVisualStudioVersion = 10.0.40219.1
Project("{2150E333-8FDC-42A3-9474-1A3956D46DE8}") = "Samples", "Samples", "{EF4569E2-A29F-4141-BAF7-5E1768276E39}"
EndProject
Project("{2150E333-8FDC-42A3-9474-1A3956D46DE8}") = "Source", "Source", "{8834DDAD-D8E5-4435-89EF-7D9C4B755FB4}"
EndProject
Project("{2150E333-8FDC-42A3-9474-1A3956D46DE8}") = "Tests", "Tests", "{F40D84CF-631E-4904-AD23-777BB53CDE8D}"
EndProject
Project("{9A19103F-16F7-4668-BE54-9A1E7A4F7556}") = "FluentDot", "FluentDot\FluentDot.csproj", "{40FE6E7E-3AC8-4169-8405-63C5F7F8D63E}"
EndProject
Project("{9A19103F-16F7-4668-BE54-9A1E7A4F7556}") = "FluentDot.Tests", "FluentDot.Tests\FluentDot.Tests.csproj", "{F9441C8E-1520-4129-8C4A-00F170BF3969}"
EndProject
Project("{FAE04EC0-301F-11D3-BF4B-00C04F79EFBC}") = "FluentDot.Samples.Core", "FluentDot.Samples.Core\FluentDot.Samples.Core.csproj", "{601CADC4-B160-4E71-A35B-19844FBE49CF}"
EndProject
Project("{FAE04EC0-301F-11D3-BF4B-00C04F79EFBC}") = "FluentDot.Samples.Exporter", "FluentDot.Samples.Exporter\FluentDot.Samples.Exporter.csproj", "{EAC24A64-497B-49BD-8319-340ECDDD4232}"
EndProject
Global
	GlobalSection(SolutionConfigurationPlatforms) = preSolution
		Debug|Any CPU = Debug|Any CPU
		Release|Any CPU = Release|Any CPU
	EndGlobalSection
	GlobalSection(ProjectConfigurationPlatforms) = postSolution
		{40FE6E7E-3AC8-4169-8405-63C5F7F8D63E}.Debug|Any CPU.ActiveCfg = Debug|Any CPU
		{40FE6E7E-3AC8-4169-8405-63C5F7F8D63E}.Debug|Any CPU.Build.0 = Debug|Any CPU
		{40FE6E7E-3AC8-4169-8405-63C5F7F8D63E}.Release|Any CPU.ActiveCfg = Release|Any CPU
		{40FE6E7E-3AC8-4169-8405-63C5F7F8D63E}.Release|Any CPU.Build.0 = Release|Any CPU
		{F9441C8E-1520-4129-8C4A-00F170BF3969}.Debug|Any CPU.ActiveCfg = Debug|Any CPU
		{F9441C8E-1520-4129-8C4A-00F170BF3969}.Debug|Any CPU.Build.0 = Debug|Any CPU
		{F9441C8E-1520-4129-8C4A-00F170BF3969}.Release|Any CPU.ActiveCfg = Release|Any CPU
		{F9441C8E-1520-4129-8C4A-00F170BF3969}.Release|Any CPU.Build.0 = Release|Any CPU
		{601CADC4-B160-4E71-A35B-19844FBE49CF}.Debug|Any CPU.ActiveCfg = Debug|Any CPU
		{601CADC4-B160-4E71-A35B-19844FBE49CF}.Debug|Any CPU.Build.0 = Debug|Any CPU
		{601CADC4-B160-4E71-A35B-19844FBE49CF}.Release|Any CPU.ActiveCfg = Release|Any CPU
		{601CADC4-B160-4E71-A35B-19844FBE49CF}.Release|Any CPU.Build.0 = Release|Any CPU
		{EAC24A64-497B-49BD-8319-340ECDDD4232}.Debug|Any CPU.ActiveCfg = Debug|Any CPU
		{EAC24A64-497B-49BD-8319-340ECDDD4232}.Debug|Any CPU.Build.0 = Debug|Any CPU
		{EAC24A64-497B-49BD-8319-340ECDDD4232}.Release|Any CPU.ActiveCfg = Release|Any CPU
		{EAC24A64-497B-49BD-8319-340ECDDD4232}.Release|Any CPU.Build.0 = Release|Any CPU
	EndGlobalSection
	GlobalSection(SolutionProperties) = preSolution
		HideSolutionNode = FALSE
	EndGlobalSection
	GlobalSection(NestedProjects) = preSolution
		{40FE6E7E-3AC8-4169-8405-63C5F7F8D63E} = {8834DDAD-D8E5-4435-89EF-7D9C4B755FB4}
		{F9441C8E-1520-4129-8C4A-00F170BF3969} = {F40D84CF-631E-4904-AD23-777BB53CDE8D}
		{601CADC4-B160-4E71-A35B-19844FBE49CF} = {EF4569E2-A29F-4141-BAF7-5E1768276E39}
		{EAC24A64-497B-49BD-8319-340ECDDD4232} = {EF4569E2-A29F-4141-BAF7-5E1768276E39}
	EndGlobalSection
	GlobalSection(ExtensibilityGlobals) = postSolution
		SolutionGuid = {F403AF71-6ABF-4AF1-9313-751832B18870}
	EndGlobalSection
EndGlobal
